{
  "object": {
    "pins": [
      {
        "package": "UIKitPresentationModifier",
        "repositoryURL": "https://github.com/noom/UIKitPresentationModifier",
        "state": {
          "branch": "rep/add-ignored-vc",
          "revision": "9e45f04641075d2df334697039cc52c94ecc3742",
          "version": null
        }
      }
    ]
  },
  "version": 1
}
