{
  "object": {
    "pins": [
      {
        "package": "UIKitPresentationModifier",
        "repositoryURL": "https://github.com/noom/UIKitPresentationModifier",
        "state": {
          "branch": null,
          "revision": "b450ac9c23603a2984d9a3a397d0c4ac2552ee1e",
          "version": "1.0.1"
        }
      }
    ]
  },
  "version": 1
}
